{
  "name": "homebridge-dummy-sensor",
  "version": "0.3.0",
  "lockfileVersion": 3,
  "requires": true,
  "packages": {
    "": {
      "name": "homebridge-dummy-sensor",
      "version": "0.3.0",
      "license": "MIT",
      "dependencies": {
        "node-persist": "^2.1.0"
      },
      "engines": {
        "homebridge": ">=0.2.0",
        "node": ">=0.12.0"
      }
    },
    "node_modules/is-absolute": {
      "version": "0.2.6",
      "resolved": "https://registry.npmjs.org/is-absolute/-/is-absolute-0.2.6.tgz",
      "integrity": "sha512-7Kr05z5LkcOpoMvxHN1PC11WbPabdNFmMYYo0eZvWu3BfVS0T03yoqYDczoCBx17xqk2x1XAZrcKiFVL88jxlQ==",
      "dependencies": {
        "is-relative": "^0.2.1",
        "is-windows": "^0.2.0"
      },
      "engines": {
        "node": ">=0.10.0"
      }
    },
    "node_modules/is-relative": {
      "version": "0.2.1",
      "resolved": "https://registry.npmjs.org/is-relative/-/is-relative-0.2.1.tgz",
      "integrity": "sha512-9AMzjRmLqcue629b4ezEVSK6kJsYJlUIhMcygmYORUgwUNJiavHcC3HkaGx0XYpyVKQSOqFbMEZmW42cY87sYw==",
      "dependencies": {
        "is-unc-path": "^0.1.1"
      },
      "engines": {
        "node": ">=0.10.0"
      }
    },
    "node_modules/is-unc-path": {
      "version": "0.1.2",
      "resolved": "https://registry.npmjs.org/is-unc-path/-/is-unc-path-0.1.2.tgz",
      "integrity": "sha512-HhLc5VDMH4pu3oMtIuunz/DFQUIoR561kMME3U3Afhj8b7vH085vkIkemrz1kLXCEIuoMAmO3yVmafWdSbGW8w==",
      "dependencies": {
        "unc-path-regex": "^0.1.0"
      },
      "engines": {
        "node": ">=0.10.0"
      }
    },
    "node_modules/is-windows": {
      "version": "0.2.0",
      "resolved": "https://registry.npmjs.org/is-windows/-/is-windows-0.2.0.tgz",
      "integrity": "sha512-n67eJYmXbniZB7RF4I/FTjK1s6RPOCTxhYrVYLRaCt3lF0mpWZPKr3T2LSZAqyjQsxR2qMmGYXXzK0YWwcPM1Q==",
      "engines": {
        "node": ">=0.10.0"
      }
    },
    "node_modules/minimist": {
      "version": "1.2.8",
      "resolved": "https://registry.npmjs.org/minimist/-/minimist-1.2.8.tgz",
      "integrity": "sha512-2yyAR8qBkN3YuheJanUpWC5U3bb5osDywNB8RzDVlDwDHbocAJveqqj1u8+SVD7jkWT4yvsHCpWqqWqAxb0zCA==",
      "funding": {
        "url": "https://github.com/sponsors/ljharb"
      }
    },
    "node_modules/mkdirp": {
      "version": "0.5.6",
      "resolved": "https://registry.npmjs.org/mkdirp/-/mkdirp-0.5.6.tgz",
      "integrity": "sha512-FP+p8RB8OWpF3YZBCrP5gtADmtXApB5AMLn+vdyA+PyxCjrCs00mjyUozssO33cwDeT3wNGdLxJ5M//YqtHAJw==",
      "dependencies": {
        "minimist": "^1.2.6"
      },
      "bin": {
        "mkdirp": "bin/cmd.js"
      }
    },
    "node_modules/node-persist": {
      "version": "2.1.0",
      "resolved": "https://registry.npmjs.org/node-persist/-/node-persist-2.1.0.tgz",
      "integrity": "sha512-NI30KmynAIpKtvl3XaLE/Q/hPUNfh2bFM0U9zgWyIVzBUL/fh1EMk2/rTAqWY6KXrX8jqusVA6avPJ6I2S9B4w==",
      "dependencies": {
        "is-absolute": "^0.2.6",
        "mkdirp": "~0.5.1",
        "q": "~1.1.1"
      }
    },
    "node_modules/q": {
      "version": "1.1.2",
      "resolved": "https://registry.npmjs.org/q/-/q-1.1.2.tgz",
      "integrity": "sha512-ROtylwux7Vkc4C07oKE/ReigUmb33kVoLtcR4SJ1QVqwaZkBEDL3vX4/kwFzIERQ5PfCl0XafbU8u2YUhyGgVA==",
      "engines": {
        "node": ">=0.6.0",
        "teleport": ">=0.2.0"
      }
    },
    "node_modules/unc-path-regex": {
      "version": "0.1.2",
      "resolved": "https://registry.npmjs.org/unc-path-regex/-/unc-path-regex-0.1.2.tgz",
      "integrity": "sha512-eXL4nmJT7oCpkZsHZUOJo8hcX3GbsiDOa0Qu9F646fi8dT3XuSVopVqAcEiVzSKKH7UoDti23wNX3qGFxcW5Qg==",
      "engines": {
        "node": ">=0.10.0"
      }
    }
  }
}
